
Microsoft Visual Studio Solution File, Format Version 12.00
# Visual Studio Version 16
VisualStudioVersion = 16.0.30011.22
MinimumVisualStudioVersion = 10.0.40219.1
Project("{FAE04EC0-301F-11D3-BF4B-00C04F79EFBC}") = "SimpleDebouncer.Console", "SimpleDebouncer.Console\SimpleDebouncer.Console.csproj", "{88AFE038-E441-4660-9CD3-2A963A381F4B}"
EndProject
Project("{FAE04EC0-301F-11D3-BF4B-00C04F79EFBC}") = "SimpleDebouncer.Core", "SimpleDebouncer.Core\SimpleDebouncer.Core.csproj", "{EDA9124C-3907-49F9-92E0-C30F713BC5A0}"
EndProject
Global
	GlobalSection(SolutionConfigurationPlatforms) = preSolution
		Debug|Any CPU = Debug|Any CPU
		Release|Any CPU = Release|Any CPU
	EndGlobalSection
	GlobalSection(ProjectConfigurationPlatforms) = postSolution
		{88AFE038-E441-4660-9CD3-2A963A381F4B}.Debug|Any CPU.ActiveCfg = Debug|Any CPU
		{88AFE038-E441-4660-9CD3-2A963A381F4B}.Debug|Any CPU.Build.0 = Debug|Any CPU
		{88AFE038-E441-4660-9CD3-2A963A381F4B}.Release|Any CPU.ActiveCfg = Release|Any CPU
		{88AFE038-E441-4660-9CD3-2A963A381F4B}.Release|Any CPU.Build.0 = Release|Any CPU
		{EDA9124C-3907-49F9-92E0-C30F713BC5A0}.Debug|Any CPU.ActiveCfg = Debug|Any CPU
		{EDA9124C-3907-49F9-92E0-C30F713BC5A0}.Debug|Any CPU.Build.0 = Debug|Any CPU
		{EDA9124C-3907-49F9-92E0-C30F713BC5A0}.Release|Any CPU.ActiveCfg = Release|Any CPU
		{EDA9124C-3907-49F9-92E0-C30F713BC5A0}.Release|Any CPU.Build.0 = Release|Any CPU
	EndGlobalSection
	GlobalSection(SolutionProperties) = preSolution
		HideSolutionNode = FALSE
	EndGlobalSection
	GlobalSection(ExtensibilityGlobals) = postSolution
		SolutionGuid = {1679F75C-99EF-406D-B46D-BB9B4EEFFE56}
	EndGlobalSection
EndGlobal
